
Microsoft Visual Studio Solution File, Format Version 12.00
# Visual Studio Version 17
VisualStudioVersion = 17.14.37216.2 d17.14
MinimumVisualStudioVersion = 10.0.40219.1
Project("{FAE04EC0-301F-11D3-BF4B-00C04F79EFBC}") = "Challenge 7", "Challenge 7.csproj", "{A000C456-B030-4AA7-8D9B-9796C85DBD2B}"
EndProject
Global
	GlobalSection(SolutionConfigurationPlatforms) = preSolution
		Debug|Any CPU = Debug|Any CPU
		Release|Any CPU = Release|Any CPU
	EndGlobalSection
	GlobalSection(ProjectConfigurationPlatforms) = postSolution
		{A000C456-B030-4AA7-8D9B-9796C85DBD2B}.Debug|Any CPU.ActiveCfg = Debug|Any CPU
		{A000C456-B030-4AA7-8D9B-9796C85DBD2B}.Debug|Any CPU.Build.0 = Debug|Any CPU
		{A000C456-B030-4AA7-8D9B-9796C85DBD2B}.Release|Any CPU.ActiveCfg = Release|Any CPU
		{A000C456-B030-4AA7-8D9B-9796C85DBD2B}.Release|Any CPU.Build.0 = Release|Any CPU
	EndGlobalSection
	GlobalSection(SolutionProperties) = preSolution
		HideSolutionNode = FALSE
	EndGlobalSection
	GlobalSection(ExtensibilityGlobals) = postSolution
		SolutionGuid = {824C1CB2-6CF9-4243-8E02-FFD78C75F081}
	EndGlobalSection
EndGlobal
