
Microsoft Visual Studio Solution File, Format Version 12.00
# Visual Studio Version 17
VisualStudioVersion = 17.14.37216.2 d17.14
MinimumVisualStudioVersion = 10.0.40219.1
Project("{FAE04EC0-301F-11D3-BF4B-00C04F79EFBC}") = "Challenge 4", "Challenge 4.csproj", "{F1DCFCCA-9A45-4657-B82D-D2EA108A0BC7}"
EndProject
Global
	GlobalSection(SolutionConfigurationPlatforms) = preSolution
		Debug|Any CPU = Debug|Any CPU
		Release|Any CPU = Release|Any CPU
	EndGlobalSection
	GlobalSection(ProjectConfigurationPlatforms) = postSolution
		{F1DCFCCA-9A45-4657-B82D-D2EA108A0BC7}.Debug|Any CPU.ActiveCfg = Debug|Any CPU
		{F1DCFCCA-9A45-4657-B82D-D2EA108A0BC7}.Debug|Any CPU.Build.0 = Debug|Any CPU
		{F1DCFCCA-9A45-4657-B82D-D2EA108A0BC7}.Release|Any CPU.ActiveCfg = Release|Any CPU
		{F1DCFCCA-9A45-4657-B82D-D2EA108A0BC7}.Release|Any CPU.Build.0 = Release|Any CPU
	EndGlobalSection
	GlobalSection(SolutionProperties) = preSolution
		HideSolutionNode = FALSE
	EndGlobalSection
	GlobalSection(ExtensibilityGlobals) = postSolution
		SolutionGuid = {4802B98D-6457-4A95-BF3A-C1E305FB044D}
	EndGlobalSection
EndGlobal
